
Microsoft Visual Studio Solution File, Format Version 12.00
# Visual Studio Version 17
VisualStudioVersion = 17.13.35825.156 d17.13
MinimumVisualStudioVersion = 10.0.40219.1
Project("{FAE04EC0-301F-11D3-BF4B-00C04F79EFBC}") = "GestionEtab", "GestionEtab\GestionEtab.csproj", "{2F6BF953-6096-4D22-8641-07B790BB54D5}"
EndProject
Global
	GlobalSection(SolutionConfigurationPlatforms) = preSolution
		Debug|Any CPU = Debug|Any CPU
		Release|Any CPU = Release|Any CPU
	EndGlobalSection
	GlobalSection(ProjectConfigurationPlatforms) = postSolution
		{2F6BF953-6096-4D22-8641-07B790BB54D5}.Debug|Any CPU.ActiveCfg = Debug|Any CPU
		{2F6BF953-6096-4D22-8641-07B790BB54D5}.Debug|Any CPU.Build.0 = Debug|Any CPU
		{2F6BF953-6096-4D22-8641-07B790BB54D5}.Release|Any CPU.ActiveCfg = Release|Any CPU
		{2F6BF953-6096-4D22-8641-07B790BB54D5}.Release|Any CPU.Build.0 = Release|Any CPU
	EndGlobalSection
	GlobalSection(SolutionProperties) = preSolution
		HideSolutionNode = FALSE
	EndGlobalSection
	GlobalSection(ExtensibilityGlobals) = postSolution
		SolutionGuid = {EC435ECF-0376-456A-9DC0-B065257B8479}
	EndGlobalSection
EndGlobal
